{
  "name": "test-app",
  "version": "1.0.0",
  "lockfileVersion": 2,
  "requires": true,
  "packages": {
    "": {
      "name": "test-app",
      "version": "1.0.0",
      "license": "ISC",
      "dependencies": {
        "plugin-budget-watch": "file:../../"
      }
    },
    "../..": {
      "name": "@architect/plugin-budget-watch",
      "version": "0.0.4",
      "hasInstallScript": true,
      "license": "Apache-2.0",
      "dependencies": {
        "@architect/architect": "^10.0.0-RC.7",
        "@architect/utils": "^3.0.4"
      },
      "devDependencies": {
        "@architect/eslint-config": "^2.0.1",
        "eslint": "^8.9.0",
        "tap-spec": "^5.0.0",
        "tape": "^5.5.2"
      },
      "engines": {
        "node": ">=14"
      }
    },
    "node_modules/plugin-budget-watch": {
      "resolved": "../..",
      "link": true
    }
  },
  "dependencies": {
    "plugin-budget-watch": {
      "version": "file:../..",
      "requires": {
        "@architect/architect": "^10.0.0-RC.7",
        "@architect/eslint-config": "^2.0.1",
        "@architect/utils": "^3.0.4",
        "eslint": "^8.9.0",
        "tap-spec": "^5.0.0",
        "tape": "^5.5.2"
      }
    }
  }
}
