{
  "name": "trigger-lambda",
  "version": "0.0.0",
  "lockfileVersion": 1,
  "requires": true,
  "dependencies": {
    "@aws-crypto/ie11-detection": {
      "version": "1.0.0",
      "resolved": "https://registry.npmjs.org/@aws-crypto/ie11-detection/-/ie11-detection-1.0.0.tgz",
      "integrity": "sha512-kCKVhCF1oDxFYgQrxXmIrS5oaWulkvRcPz+QBDMsUr2crbF4VGgGT6+uQhSwJFdUAQ2A//Vq+uT83eJrkzFgXA==",
      "requires": {
        "tslib": "^1.11.1"
      },
      "dependencies": {
        "tslib": {
          "version": "1.14.1",
          "resolved": "https://registry.npmjs.org/tslib/-/tslib-1.14.1.tgz",
          "integrity": "sha512-Xni35NKzjgMrwevysHTCArtLDpPvye8zV/0E4EyYn43P7/7qvQwPh9BGkHewbMulVntbigmcT7rdX3BNo9wRJg=="
        }
      }
    },
    "@aws-crypto/sha256-browser": {
      "version": "1.2.1",
      "resolved": "https://registry.npmjs.org/@aws-crypto/sha256-browser/-/sha256-browser-1.2.1.tgz",
      "integrity": "sha512-WX/Wp6sXPhcBWx/w1aSJv3bDJL0ut5Ik6hl7yfqA1pn3cfsahl4rgHzRRXqYfJ+hnhnCqdgadS17wyBbVPsK+w==",
      "requires": {
        "@aws-crypto/ie11-detection": "^1.0.0",
        "@aws-crypto/sha256-js": "^1.2.1",
        "@aws-crypto/supports-web-crypto": "^1.0.0",
        "@aws-crypto/util": "^1.2.1",
        "@aws-sdk/types": "^3.1.0",
        "@aws-sdk/util-locate-window": "^3.0.0",
        "tslib": "^1.11.1"
      },
      "dependencies": {
        "tslib": {
          "version": "1.14.1",
          "resolved": "https://registry.npmjs.org/tslib/-/tslib-1.14.1.tgz",
          "integrity": "sha512-Xni35NKzjgMrwevysHTCArtLDpPvye8zV/0E4EyYn43P7/7qvQwPh9BGkHewbMulVntbigmcT7rdX3BNo9wRJg=="
        }
      }
    },
    "@aws-crypto/sha256-js": {
      "version": "1.2.1",
      "resolved": "https://registry.npmjs.org/@aws-crypto/sha256-js/-/sha256-js-1.2.1.tgz",
      "integrity": "sha512-KtZ4qFDWZy6pKcky6RvwSytR/I8vPX9Z47pXh9sOuTcxjjtcegzS2uupg9vo0vbFcAWkSHVOEmNPh6ygiC3VFQ==",
      "requires": {
        "@aws-crypto/util": "^1.2.1",
        "@aws-sdk/types": "^3.1.0",
        "tslib": "^1.11.1"
      },
      "dependencies": {
        "tslib": {
          "version": "1.14.1",
          "resolved": "https://registry.npmjs.org/tslib/-/tslib-1.14.1.tgz",
          "integrity": "sha512-Xni35NKzjgMrwevysHTCArtLDpPvye8zV/0E4EyYn43P7/7qvQwPh9BGkHewbMulVntbigmcT7rdX3BNo9wRJg=="
        }
      }
    },
    "@aws-crypto/supports-web-crypto": {
      "version": "1.0.0",
      "resolved": "https://registry.npmjs.org/@aws-crypto/supports-web-crypto/-/supports-web-crypto-1.0.0.tgz",
      "integrity": "sha512-IHLfv+WmVH89EW4n6a5eE8/hUlz6qkWGMn/v4r5ZgzcXdTC5nolii2z3k46y01hWRiC2PPhOdeSLzMUCUMco7g==",
      "requires": {
        "tslib": "^1.11.1"
      },
      "dependencies": {
        "tslib": {
          "version": "1.14.1",
          "resolved": "https://registry.npmjs.org/tslib/-/tslib-1.14.1.tgz",
          "integrity": "sha512-Xni35NKzjgMrwevysHTCArtLDpPvye8zV/0E4EyYn43P7/7qvQwPh9BGkHewbMulVntbigmcT7rdX3BNo9wRJg=="
        }
      }
    },
    "@aws-crypto/util": {
      "version": "1.2.1",
      "resolved": "https://registry.npmjs.org/@aws-crypto/util/-/util-1.2.1.tgz",
      "integrity": "sha512-H6Qrl28lzGGXZgLkdP7DQpJ3D3jJagQJugziThcqZCJVUT0HABHJt9EQMiiuf93KcUV/MMoisl56UfCxCFfmWQ==",
      "requires": {
        "@aws-sdk/types": "^3.1.0",
        "@aws-sdk/util-utf8-browser": "^3.0.0",
        "tslib": "^1.11.1"
      },
      "dependencies": {
        "tslib": {
          "version": "1.14.1",
          "resolved": "https://registry.npmjs.org/tslib/-/tslib-1.14.1.tgz",
          "integrity": "sha512-Xni35NKzjgMrwevysHTCArtLDpPvye8zV/0E4EyYn43P7/7qvQwPh9BGkHewbMulVntbigmcT7rdX3BNo9wRJg=="
        }
      }
    },
    "@aws-sdk/abort-controller": {
      "version": "3.34.0",
      "resolved": "https://registry.npmjs.org/@aws-sdk/abort-controller/-/abort-controller-3.34.0.tgz",
      "integrity": "sha512-+Qz8/e5sieViXW2qKbfGsXt73Mo87duI2n8HwfDmshjPRXBjpaN478bFHmAjvq9L4MbvW3hSL0mEGrpPErP9Tw==",
      "requires": {
        "@aws-sdk/types": "3.34.0",
        "tslib": "^2.3.0"
      }
    },
    "@aws-sdk/client-lambda": {
      "version": "3.34.0",
      "resolved": "https://registry.npmjs.org/@aws-sdk/client-lambda/-/client-lambda-3.34.0.tgz",
      "integrity": "sha512-bA37tRumde2NjycGgbjYlUHN+XH6bNHLycRDoKALqjH43zQ1wmrjhl3jshtNKyOiIu2mpKwkiJ69GnAg1XSaVg==",
      "requires": {
        "@aws-crypto/sha256-browser": "^1.0.0",
        "@aws-crypto/sha256-js": "^1.0.0",
        "@aws-sdk/client-sts": "3.34.0",
        "@aws-sdk/config-resolver": "3.34.0",
        "@aws-sdk/credential-provider-node": "3.34.0",
        "@aws-sdk/fetch-http-handler": "3.34.0",
        "@aws-sdk/hash-node": "3.34.0",
        "@aws-sdk/invalid-dependency": "3.34.0",
        "@aws-sdk/middleware-content-length": "3.34.0",
        "@aws-sdk/middleware-host-header": "3.34.0",
        "@aws-sdk/middleware-logger": "3.34.0",
        "@aws-sdk/middleware-retry": "3.34.0",
        "@aws-sdk/middleware-serde": "3.34.0",
        "@aws-sdk/middleware-signing": "3.34.0",
        "@aws-sdk/middleware-stack": "3.34.0",
        "@aws-sdk/middleware-user-agent": "3.34.0",
        "@aws-sdk/node-config-provider": "3.34.0",
        "@aws-sdk/node-http-handler": "3.34.0",
        "@aws-sdk/protocol-http": "3.34.0",
        "@aws-sdk/smithy-client": "3.34.0",
        "@aws-sdk/types": "3.34.0",
        "@aws-sdk/url-parser": "3.34.0",
        "@aws-sdk/util-base64-browser": "3.34.0",
        "@aws-sdk/util-base64-node": "3.34.0",
        "@aws-sdk/util-body-length-browser": "3.34.0",
        "@aws-sdk/util-body-length-node": "3.34.0",
        "@aws-sdk/util-user-agent-browser": "3.34.0",
        "@aws-sdk/util-user-agent-node": "3.34.0",
        "@aws-sdk/util-utf8-browser": "3.34.0",
        "@aws-sdk/util-utf8-node": "3.34.0",
        "@aws-sdk/util-waiter": "3.34.0",
        "tslib": "^2.3.0"
      }
    },
    "@aws-sdk/client-resource-groups-tagging-api": {
      "version": "3.34.0",
      "resolved": "https://registry.npmjs.org/@aws-sdk/client-resource-groups-tagging-api/-/client-resource-groups-tagging-api-3.34.0.tgz",
      "integrity": "sha512-Aktk6YHLPlKyWU2Xzsp+mWgWJDvAizx7LGgDpfJdK8cdJsrG5jlSg3ojpWiy164eOW8NtJ/lKTugtcpSAt/1Uw==",
      "requires": {
        "@aws-crypto/sha256-browser": "^1.0.0",
        "@aws-crypto/sha256-js": "^1.0.0",
        "@aws-sdk/client-sts": "3.34.0",
        "@aws-sdk/config-resolver": "3.34.0",
        "@aws-sdk/credential-provider-node": "3.34.0",
        "@aws-sdk/fetch-http-handler": "3.34.0",
        "@aws-sdk/hash-node": "3.34.0",
        "@aws-sdk/invalid-dependency": "3.34.0",
        "@aws-sdk/middleware-content-length": "3.34.0",
        "@aws-sdk/middleware-host-header": "3.34.0",
        "@aws-sdk/middleware-logger": "3.34.0",
        "@aws-sdk/middleware-retry": "3.34.0",
        "@aws-sdk/middleware-serde": "3.34.0",
        "@aws-sdk/middleware-signing": "3.34.0",
        "@aws-sdk/middleware-stack": "3.34.0",
        "@aws-sdk/middleware-user-agent": "3.34.0",
        "@aws-sdk/node-config-provider": "3.34.0",
        "@aws-sdk/node-http-handler": "3.34.0",
        "@aws-sdk/protocol-http": "3.34.0",
        "@aws-sdk/smithy-client": "3.34.0",
        "@aws-sdk/types": "3.34.0",
        "@aws-sdk/url-parser": "3.34.0",
        "@aws-sdk/util-base64-browser": "3.34.0",
        "@aws-sdk/util-base64-node": "3.34.0",
        "@aws-sdk/util-body-length-browser": "3.34.0",
        "@aws-sdk/util-body-length-node": "3.34.0",
        "@aws-sdk/util-user-agent-browser": "3.34.0",
        "@aws-sdk/util-user-agent-node": "3.34.0",
        "@aws-sdk/util-utf8-browser": "3.34.0",
        "@aws-sdk/util-utf8-node": "3.34.0",
        "tslib": "^2.3.0"
      }
    },
    "@aws-sdk/client-ssm": {
      "version": "3.34.0",
      "resolved": "https://registry.npmjs.org/@aws-sdk/client-ssm/-/client-ssm-3.34.0.tgz",
      "integrity": "sha512-kfep1nOJVMu24WzjvGvyZa9kuYQ94tkGI+3OttM7Lb2F6ei8s1/jrpVyhY8sMPUa29620dKFqshvr2uDYxMWBA==",
      "requires": {
        "@aws-crypto/sha256-browser": "^1.0.0",
        "@aws-crypto/sha256-js": "^1.0.0",
        "@aws-sdk/client-sts": "3.34.0",
        "@aws-sdk/config-resolver": "3.34.0",
        "@aws-sdk/credential-provider-node": "3.34.0",
        "@aws-sdk/fetch-http-handler": "3.34.0",
        "@aws-sdk/hash-node": "3.34.0",
        "@aws-sdk/invalid-dependency": "3.34.0",
        "@aws-sdk/middleware-content-length": "3.34.0",
        "@aws-sdk/middleware-host-header": "3.34.0",
        "@aws-sdk/middleware-logger": "3.34.0",
        "@aws-sdk/middleware-retry": "3.34.0",
        "@aws-sdk/middleware-serde": "3.34.0",
        "@aws-sdk/middleware-signing": "3.34.0",
        "@aws-sdk/middleware-stack": "3.34.0",
        "@aws-sdk/middleware-user-agent": "3.34.0",
        "@aws-sdk/node-config-provider": "3.34.0",
        "@aws-sdk/node-http-handler": "3.34.0",
        "@aws-sdk/protocol-http": "3.34.0",
        "@aws-sdk/smithy-client": "3.34.0",
        "@aws-sdk/types": "3.34.0",
        "@aws-sdk/url-parser": "3.34.0",
        "@aws-sdk/util-base64-browser": "3.34.0",
        "@aws-sdk/util-base64-node": "3.34.0",
        "@aws-sdk/util-body-length-browser": "3.34.0",
        "@aws-sdk/util-body-length-node": "3.34.0",
        "@aws-sdk/util-user-agent-browser": "3.34.0",
        "@aws-sdk/util-user-agent-node": "3.34.0",
        "@aws-sdk/util-utf8-browser": "3.34.0",
        "@aws-sdk/util-utf8-node": "3.34.0",
        "@aws-sdk/util-waiter": "3.34.0",
        "tslib": "^2.3.0",
        "uuid": "^8.3.2"
      }
    },
    "@aws-sdk/client-sso": {
      "version": "3.34.0",
      "resolved": "https://registry.npmjs.org/@aws-sdk/client-sso/-/client-sso-3.34.0.tgz",
      "integrity": "sha512-2eBbOF1AssSSYCCelTYdJabyY46dvc5AjHWzAhCPI4mpvKp5UtIxjmV8MmlKhS3WmPHZEpUNYnjou9uc86MCqA==",
      "requires": {
        "@aws-crypto/sha256-browser": "^1.0.0",
        "@aws-crypto/sha256-js": "^1.0.0",
        "@aws-sdk/config-resolver": "3.34.0",
        "@aws-sdk/fetch-http-handler": "3.34.0",
        "@aws-sdk/hash-node": "3.34.0",
        "@aws-sdk/invalid-dependency": "3.34.0",
        "@aws-sdk/middleware-content-length": "3.34.0",
        "@aws-sdk/middleware-host-header": "3.34.0",
        "@aws-sdk/middleware-logger": "3.34.0",
        "@aws-sdk/middleware-retry": "3.34.0",
        "@aws-sdk/middleware-serde": "3.34.0",
        "@aws-sdk/middleware-stack": "3.34.0",
        "@aws-sdk/middleware-user-agent": "3.34.0",
        "@aws-sdk/node-config-provider": "3.34.0",
        "@aws-sdk/node-http-handler": "3.34.0",
        "@aws-sdk/protocol-http": "3.34.0",
        "@aws-sdk/smithy-client": "3.34.0",
        "@aws-sdk/types": "3.34.0",
        "@aws-sdk/url-parser": "3.34.0",
        "@aws-sdk/util-base64-browser": "3.34.0",
        "@aws-sdk/util-base64-node": "3.34.0",
        "@aws-sdk/util-body-length-browser": "3.34.0",
        "@aws-sdk/util-body-length-node": "3.34.0",
        "@aws-sdk/util-user-agent-browser": "3.34.0",
        "@aws-sdk/util-user-agent-node": "3.34.0",
        "@aws-sdk/util-utf8-browser": "3.34.0",
        "@aws-sdk/util-utf8-node": "3.34.0",
        "tslib": "^2.3.0"
      }
    },
    "@aws-sdk/client-sts": {
      "version": "3.34.0",
      "resolved": "https://registry.npmjs.org/@aws-sdk/client-sts/-/client-sts-3.34.0.tgz",
      "integrity": "sha512-jC+Z779fOyU8kk+Xlbu0Mox2mku91X40jZ0TAxNNEhe0i5mOxv8/L2SkE2daKTQxXBem/gTctQmrZ9g4fRm7dw==",
      "requires": {
        "@aws-crypto/sha256-browser": "^1.0.0",
        "@aws-crypto/sha256-js": "^1.0.0",
        "@aws-sdk/config-resolver": "3.34.0",
        "@aws-sdk/credential-provider-node": "3.34.0",
        "@aws-sdk/fetch-http-handler": "3.34.0",
        "@aws-sdk/hash-node": "3.34.0",
        "@aws-sdk/invalid-dependency": "3.34.0",
        "@aws-sdk/middleware-content-length": "3.34.0",
        "@aws-sdk/middleware-host-header": "3.34.0",
        "@aws-sdk/middleware-logger": "3.34.0",
        "@aws-sdk/middleware-retry": "3.34.0",
        "@aws-sdk/middleware-sdk-sts": "3.34.0",
        "@aws-sdk/middleware-serde": "3.34.0",
        "@aws-sdk/middleware-signing": "3.34.0",
        "@aws-sdk/middleware-stack": "3.34.0",
        "@aws-sdk/middleware-user-agent": "3.34.0",
        "@aws-sdk/node-config-provider": "3.34.0",
        "@aws-sdk/node-http-handler": "3.34.0",
        "@aws-sdk/protocol-http": "3.34.0",
        "@aws-sdk/smithy-client": "3.34.0",
        "@aws-sdk/types": "3.34.0",
        "@aws-sdk/url-parser": "3.34.0",
        "@aws-sdk/util-base64-browser": "3.34.0",
        "@aws-sdk/util-base64-node": "3.34.0",
        "@aws-sdk/util-body-length-browser": "3.34.0",
        "@aws-sdk/util-body-length-node": "3.34.0",
        "@aws-sdk/util-user-agent-browser": "3.34.0",
        "@aws-sdk/util-user-agent-node": "3.34.0",
        "@aws-sdk/util-utf8-browser": "3.34.0",
        "@aws-sdk/util-utf8-node": "3.34.0",
        "entities": "2.2.0",
        "fast-xml-parser": "3.19.0",
        "tslib": "^2.3.0"
      }
    },
    "@aws-sdk/config-resolver": {
      "version": "3.34.0",
      "resolved": "https://registry.npmjs.org/@aws-sdk/config-resolver/-/config-resolver-3.34.0.tgz",
      "integrity": "sha512-goAv4oFpDhsnCJehf0Cr0s4bCxOmfj5fz/SZXsLJbW3rGh8CE+s9hxkFqa1JBR/AN+OBDZ8NRRFIYwnftq9+xw==",
      "requires": {
        "@aws-sdk/signature-v4": "3.34.0",
        "@aws-sdk/types": "3.34.0",
        "tslib": "^2.3.0"
      }
    },
    "@aws-sdk/credential-provider-env": {
      "version": "3.34.0",
      "resolved": "https://registry.npmjs.org/@aws-sdk/credential-provider-env/-/credential-provider-env-3.34.0.tgz",
      "integrity": "sha512-vbsLvcZ1gPnjcToSNYMmc0YR1xz4WzkubpFGVXfwcG3iJcQnu+gKXWeCVEfVrjprlNHuqWXnCCi0rNIncKVavQ==",
      "requires": {
        "@aws-sdk/property-provider": "3.34.0",
        "@aws-sdk/types": "3.34.0",
        "tslib": "^2.3.0"
      }
    },
    "@aws-sdk/credential-provider-imds": {
      "version": "3.34.0",
      "resolved": "https://registry.npmjs.org/@aws-sdk/credential-provider-imds/-/credential-provider-imds-3.34.0.tgz",
      "integrity": "sha512-f56md7Xpd7nzkvRFoAaGf3VCXLuNN0jHh9HQFx4VnrQtp9dcVJK1G/2hYl1dlHFIvHBupWKOnzuUplyxyV55pQ==",
      "requires": {
        "@aws-sdk/node-config-provider": "3.34.0",
        "@aws-sdk/property-provider": "3.34.0",
        "@aws-sdk/types": "3.34.0",
        "@aws-sdk/url-parser": "3.34.0",
        "tslib": "^2.3.0"
      }
    },
    "@aws-sdk/credential-provider-ini": {
      "version": "3.34.0",
      "resolved": "https://registry.npmjs.org/@aws-sdk/credential-provider-ini/-/credential-provider-ini-3.34.0.tgz",
      "integrity": "sha512-8SPeje+0tnGPbQ21+TESNE7B8PaIuEGxbkvbMSCm+cKij8Oo6N+StSGZh+0FJhlh+QptWjR/yaH0MKYpIUFUGw==",
      "requires": {
        "@aws-sdk/credential-provider-env": "3.34.0",
        "@aws-sdk/credential-provider-imds": "3.34.0",
        "@aws-sdk/credential-provider-sso": "3.34.0",
        "@aws-sdk/credential-provider-web-identity": "3.34.0",
        "@aws-sdk/property-provider": "3.34.0",
        "@aws-sdk/shared-ini-file-loader": "3.34.0",
        "@aws-sdk/types": "3.34.0",
        "@aws-sdk/util-credentials": "3.34.0",
        "tslib": "^2.3.0"
      }
    },
    "@aws-sdk/credential-provider-node": {
      "version": "3.34.0",
      "resolved": "https://registry.npmjs.org/@aws-sdk/credential-provider-node/-/credential-provider-node-3.34.0.tgz",
      "integrity": "sha512-aZkBWHe9bVNraQlhHageKPaxrZGGIFBTKJ1WT19cHZVnCj8ufCoogvct28eW1SEucn1jPBWPFhaX3/0y16Bc6Q==",
      "requires": {
        "@aws-sdk/credential-provider-env": "3.34.0",
        "@aws-sdk/credential-provider-imds": "3.34.0",
        "@aws-sdk/credential-provider-ini": "3.34.0",
        "@aws-sdk/credential-provider-process": "3.34.0",
        "@aws-sdk/credential-provider-sso": "3.34.0",
        "@aws-sdk/credential-provider-web-identity": "3.34.0",
        "@aws-sdk/property-provider": "3.34.0",
        "@aws-sdk/shared-ini-file-loader": "3.34.0",
        "@aws-sdk/types": "3.34.0",
        "@aws-sdk/util-credentials": "3.34.0",
        "tslib": "^2.3.0"
      }
    },
    "@aws-sdk/credential-provider-process": {
      "version": "3.34.0",
      "resolved": "https://registry.npmjs.org/@aws-sdk/credential-provider-process/-/credential-provider-process-3.34.0.tgz",
      "integrity": "sha512-4n07qYfLLzjTLyrQTT7iuZTlKZLYyKT4yFjnKyJT3dOoFyW4jWFWjZyicY9TNg4D4f2ya6P3w+H+03DGof0Opw==",
      "requires": {
        "@aws-sdk/property-provider": "3.34.0",
        "@aws-sdk/shared-ini-file-loader": "3.34.0",
        "@aws-sdk/types": "3.34.0",
        "@aws-sdk/util-credentials": "3.34.0",
        "tslib": "^2.3.0"
      }
    },
    "@aws-sdk/credential-provider-sso": {
      "version": "3.34.0",
      "resolved": "https://registry.npmjs.org/@aws-sdk/credential-provider-sso/-/credential-provider-sso-3.34.0.tgz",
      "integrity": "sha512-/xyUHA8o5dIaMoKVigjeIgGI1ofGBsVmb1cK16m3w0CDDUgyoEeQD+pust68rYiyuuhgaRqnRtVvjysPPJPMaA==",
      "requires": {
        "@aws-sdk/client-sso": "3.34.0",
        "@aws-sdk/property-provider": "3.34.0",
        "@aws-sdk/shared-ini-file-loader": "3.34.0",
        "@aws-sdk/types": "3.34.0",
        "@aws-sdk/util-credentials": "3.34.0",
        "tslib": "^2.3.0"
      }
    },
    "@aws-sdk/credential-provider-web-identity": {
      "version": "3.34.0",
      "resolved": "https://registry.npmjs.org/@aws-sdk/credential-provider-web-identity/-/credential-provider-web-identity-3.34.0.tgz",
      "integrity": "sha512-4YvuKL2TOyEuktU7v1objIc9PoDMSm2Fxp90KJckitcGnLMsdcaoIV9GgF5nIZrZ7tOUg2ultamCJUkUFZYLMA==",
      "requires": {
        "@aws-sdk/property-provider": "3.34.0",
        "@aws-sdk/types": "3.34.0",
        "tslib": "^2.3.0"
      }
    },
    "@aws-sdk/fetch-http-handler": {
      "version": "3.34.0",
      "resolved": "https://registry.npmjs.org/@aws-sdk/fetch-http-handler/-/fetch-http-handler-3.34.0.tgz",
      "integrity": "sha512-evcyWkI0xsQYjSZOzYy+1ke8CwzOaUpg0+tCLPQwG4GKC+GmRWd0ABrxs8OmPBo4SHPQvDpUakX0CRiZu/gm/g==",
      "requires": {
        "@aws-sdk/protocol-http": "3.34.0",
        "@aws-sdk/querystring-builder": "3.34.0",
        "@aws-sdk/types": "3.34.0",
        "@aws-sdk/util-base64-browser": "3.34.0",
        "tslib": "^2.3.0"
      }
    },
    "@aws-sdk/hash-node": {
      "version": "3.34.0",
      "resolved": "https://registry.npmjs.org/@aws-sdk/hash-node/-/hash-node-3.34.0.tgz",
      "integrity": "sha512-gAPr7p+MgLJ75YRQSELidq0bU/RduPI+kjyY516Od79CNwwe9DEN2JeQakXN3lUfExgp38P9onsRr1d6wKP4EQ==",
      "requires": {
        "@aws-sdk/types": "3.34.0",
        "@aws-sdk/util-buffer-from": "3.34.0",
        "tslib": "^2.3.0"
      }
    },
    "@aws-sdk/invalid-dependency": {
      "version": "3.34.0",
      "resolved": "https://registry.npmjs.org/@aws-sdk/invalid-dependency/-/invalid-dependency-3.34.0.tgz",
      "integrity": "sha512-Seaiu1fT9k7F03KVi/rVf+buRAyAEAzg66ryg14GQW/cei/b/uD4+Gohyk+mRnMqDh4nNluCaktzhr7wSZGeVA==",
      "requires": {
        "@aws-sdk/types": "3.34.0",
        "tslib": "^2.3.0"
      }
    },
    "@aws-sdk/is-array-buffer": {
      "version": "3.34.0",
      "resolved": "https://registry.npmjs.org/@aws-sdk/is-array-buffer/-/is-array-buffer-3.34.0.tgz",
      "integrity": "sha512-YOblEaT5Fq7qHys8mSrNdJS3ZUsLviYyOk6q3ixmHPFcFpO3etGr5AnlDSFqlSm0jnX/0irmp3fbF96kMKLtUg==",
      "requires": {
        "tslib": "^2.3.0"
      }
    },
    "@aws-sdk/middleware-content-length": {
      "version": "3.34.0",
      "resolved": "https://registry.npmjs.org/@aws-sdk/middleware-content-length/-/middleware-content-length-3.34.0.tgz",
      "integrity": "sha512-+5NnSDEDxcAWXDQSXe1P+Dywrb6sYKSaoiu+kNcYB21mTwG3i9St1A2Q0wNMsdRMRVwSg/lJV5MbY5Mbk0+D5w==",
      "requires": {
        "@aws-sdk/protocol-http": "3.34.0",
        "@aws-sdk/types": "3.34.0",
        "tslib": "^2.3.0"
      }
    },
    "@aws-sdk/middleware-host-header": {
      "version": "3.34.0",
      "resolved": "https://registry.npmjs.org/@aws-sdk/middleware-host-header/-/middleware-host-header-3.34.0.tgz",
      "integrity": "sha512-3ZcBTicauGp0reKQ8Pw8ardk9kRTO7/lWAKGV7f0PnfOoGn+zUqVP0qvaHL3VNVdTJEz6fkkU7pJ0duCVCnpmA==",
      "requires": {
        "@aws-sdk/protocol-http": "3.34.0",
        "@aws-sdk/types": "3.34.0",
        "tslib": "^2.3.0"
      }
    },
    "@aws-sdk/middleware-logger": {
      "version": "3.34.0",
      "resolved": "https://registry.npmjs.org/@aws-sdk/middleware-logger/-/middleware-logger-3.34.0.tgz",
      "integrity": "sha512-EBVp3tkEbMSW9ikMzejucYLOf+G98+vGqWSkvGbR0N8lBHs2za+fufBqknEY8lD7a8RLFQ3enevl8DMJ9d75pA==",
      "requires": {
        "@aws-sdk/types": "3.34.0",
        "tslib": "^2.3.0"
      }
    },
    "@aws-sdk/middleware-retry": {
      "version": "3.34.0",
      "resolved": "https://registry.npmjs.org/@aws-sdk/middleware-retry/-/middleware-retry-3.34.0.tgz",
      "integrity": "sha512-PKWlJWhr7b3jEsTDRBXf7mIUkjnGMQiYvNs3G1kdwrySbii2yEOlwy7KXAAo/TCwuL10W+HZG7EZwkwXNg7LTQ==",
      "requires": {
        "@aws-sdk/protocol-http": "3.34.0",
        "@aws-sdk/service-error-classification": "3.34.0",
        "@aws-sdk/types": "3.34.0",
        "tslib": "^2.3.0",
        "uuid": "^8.3.2"
      }
    },
    "@aws-sdk/middleware-sdk-sts": {
      "version": "3.34.0",
      "resolved": "https://registry.npmjs.org/@aws-sdk/middleware-sdk-sts/-/middleware-sdk-sts-3.34.0.tgz",
      "integrity": "sha512-tJPkij4H0z4AbjOnRlcUP99dJud4SlH9fYfnxQ1CeG1PO0Zz1zTEc+2Sc93068bS4K4nrD4QaVsoOokvjW/4MQ==",
      "requires": {
        "@aws-sdk/middleware-signing": "3.34.0",
        "@aws-sdk/property-provider": "3.34.0",
        "@aws-sdk/protocol-http": "3.34.0",
        "@aws-sdk/signature-v4": "3.34.0",
        "@aws-sdk/types": "3.34.0",
        "tslib": "^2.3.0"
      }
    },
    "@aws-sdk/middleware-serde": {
      "version": "3.34.0",
      "resolved": "https://registry.npmjs.org/@aws-sdk/middleware-serde/-/middleware-serde-3.34.0.tgz",
      "integrity": "sha512-oU2oa6hy1+DrFROD+K00NkRNdrsNgryay6rCA/jSUfwGEFmvN3iANTgXkEEvEKCSYqyh/ai998jk+6v60ChFBQ==",
      "requires": {
        "@aws-sdk/types": "3.34.0",
        "tslib": "^2.3.0"
      }
    },
    "@aws-sdk/middleware-signing": {
      "version": "3.34.0",
      "resolved": "https://registry.npmjs.org/@aws-sdk/middleware-signing/-/middleware-signing-3.34.0.tgz",
      "integrity": "sha512-dlxyxIg6Mrjx6GzUVQoQV9M/n3kEvs6aMEzR3DTF0i8CGqWtKXE5OZhsjLVRflVOejONM7NEXwNeFHr+lQ4Z9w==",
      "requires": {
        "@aws-sdk/property-provider": "3.34.0",
        "@aws-sdk/protocol-http": "3.34.0",
        "@aws-sdk/signature-v4": "3.34.0",
        "@aws-sdk/types": "3.34.0",
        "tslib": "^2.3.0"
      }
    },
    "@aws-sdk/middleware-stack": {
      "version": "3.34.0",
      "resolved": "https://registry.npmjs.org/@aws-sdk/middleware-stack/-/middleware-stack-3.34.0.tgz",
      "integrity": "sha512-7WI+spzWcTYWIP0MwTDlE+LsWGlpZq44mvRGnNHDjnTjqfr5C3kWSc86fedujvbaW5ZGTes5NGmKQf/PqAmUqQ==",
      "requires": {
        "tslib": "^2.3.0"
      }
    },
    "@aws-sdk/middleware-user-agent": {
      "version": "3.34.0",
      "resolved": "https://registry.npmjs.org/@aws-sdk/middleware-user-agent/-/middleware-user-agent-3.34.0.tgz",
      "integrity": "sha512-EZBy0fNhuenzxlVAx2GcgBFOGCTyHs1Gg1GB/qUIhqZ2MHY66Yogj4BqPkiOg+zo7nFwCjWQ9LRypYZYXCWMLw==",
      "requires": {
        "@aws-sdk/protocol-http": "3.34.0",
        "@aws-sdk/types": "3.34.0",
        "tslib": "^2.3.0"
      }
    },
    "@aws-sdk/node-config-provider": {
      "version": "3.34.0",
      "resolved": "https://registry.npmjs.org/@aws-sdk/node-config-provider/-/node-config-provider-3.34.0.tgz",
      "integrity": "sha512-VPDYLNkwvhAlhSWecMbmiXpa/n20i9S4z0/+pSB4kXT73MvH3us77ecYXD5g8IIRrAR+Oaq8hrQLDP88bbte9g==",
      "requires": {
        "@aws-sdk/property-provider": "3.34.0",
        "@aws-sdk/shared-ini-file-loader": "3.34.0",
        "@aws-sdk/types": "3.34.0",
        "tslib": "^2.3.0"
      }
    },
    "@aws-sdk/node-http-handler": {
      "version": "3.34.0",
      "resolved": "https://registry.npmjs.org/@aws-sdk/node-http-handler/-/node-http-handler-3.34.0.tgz",
      "integrity": "sha512-Fyf0VsgatDr3puqIA4CHTqVKUPBveq0skQhXyPDXxXIllxExpqcrWu8fFqE2DalCqiDiDC7zR8Yh56syiBxmvA==",
      "requires": {
        "@aws-sdk/abort-controller": "3.34.0",
        "@aws-sdk/protocol-http": "3.34.0",
        "@aws-sdk/querystring-builder": "3.34.0",
        "@aws-sdk/types": "3.34.0",
        "tslib": "^2.3.0"
      }
    },
    "@aws-sdk/property-provider": {
      "version": "3.34.0",
      "resolved": "https://registry.npmjs.org/@aws-sdk/property-provider/-/property-provider-3.34.0.tgz",
      "integrity": "sha512-Xkj6l14bYhKnzUXenBn8TANvR5p4pzLZF8Uk/pCVYZFgotOd5gVTC89SAQa4Lw2PzwoTqOsWKglS7CWi4KaBDg==",
      "requires": {
        "@aws-sdk/types": "3.34.0",
        "tslib": "^2.3.0"
      }
    },
    "@aws-sdk/protocol-http": {
      "version": "3.34.0",
      "resolved": "https://registry.npmjs.org/@aws-sdk/protocol-http/-/protocol-http-3.34.0.tgz",
      "integrity": "sha512-VPzI/VcDXqoWcyJNc0p/ee1pjGXFC8PmaZwK7PO3FkNEa8BE/9IbfVg3AGIekEDIXwpdZAjQeLCmOsMx866S2Q==",
      "requires": {
        "@aws-sdk/types": "3.34.0",
        "tslib": "^2.3.0"
      }
    },
    "@aws-sdk/querystring-builder": {
      "version": "3.34.0",
      "resolved": "https://registry.npmjs.org/@aws-sdk/querystring-builder/-/querystring-builder-3.34.0.tgz",
      "integrity": "sha512-lDkJPvDsR+Ou0NIWUJlVCpi6vDNaPVgxtP2r/4kktoSYzwFz4UCkmKcDRdL4cxEZ6LYA0QkjtkyfQotoZMuIXA==",
      "requires": {
        "@aws-sdk/types": "3.34.0",
        "@aws-sdk/util-uri-escape": "3.34.0",
        "tslib": "^2.3.0"
      }
    },
    "@aws-sdk/querystring-parser": {
      "version": "3.34.0",
      "resolved": "https://registry.npmjs.org/@aws-sdk/querystring-parser/-/querystring-parser-3.34.0.tgz",
      "integrity": "sha512-IMpHNQOSPVk7qaDDaFL6xmTW4VuMbTxyhRdrVmxZXWWgRvMRs2chjXdq3iyTtpnKq5GNnEdPY7udjfWqYoaN8A==",
      "requires": {
        "@aws-sdk/types": "3.34.0",
        "tslib": "^2.3.0"
      }
    },
    "@aws-sdk/service-error-classification": {
      "version": "3.34.0",
      "resolved": "https://registry.npmjs.org/@aws-sdk/service-error-classification/-/service-error-classification-3.34.0.tgz",
      "integrity": "sha512-RYmgfrGSfULduJf753rMlK0E+NoK6PUaACb5eiVKoGyo8NpzDFcDWVL2yAb40tAqI7ahhWz1uqGzb1sRPWSAIg=="
    },
    "@aws-sdk/shared-ini-file-loader": {
      "version": "3.34.0",
      "resolved": "https://registry.npmjs.org/@aws-sdk/shared-ini-file-loader/-/shared-ini-file-loader-3.34.0.tgz",
      "integrity": "sha512-zh238/JYpP9+7FkCODH+UYqL1StbBtidFOt8Vmo4MNdh10R31XImnL0npdhRLiZSkOoatpHc+ViCOeH+I67QiQ==",
      "requires": {
        "tslib": "^2.3.0"
      }
    },
    "@aws-sdk/signature-v4": {
      "version": "3.34.0",
      "resolved": "https://registry.npmjs.org/@aws-sdk/signature-v4/-/signature-v4-3.34.0.tgz",
      "integrity": "sha512-oKW5Frsu4TMc/8eLcRE4kdgKj1XqsVCry9VdjDgNpx37aeH7oggg75YDU+UZuhdF++hDr6uCa+DYxtluQ8g9sg==",
      "requires": {
        "@aws-sdk/is-array-buffer": "3.34.0",
        "@aws-sdk/types": "3.34.0",
        "@aws-sdk/util-hex-encoding": "3.34.0",
        "@aws-sdk/util-uri-escape": "3.34.0",
        "tslib": "^2.3.0"
      }
    },
    "@aws-sdk/smithy-client": {
      "version": "3.34.0",
      "resolved": "https://registry.npmjs.org/@aws-sdk/smithy-client/-/smithy-client-3.34.0.tgz",
      "integrity": "sha512-nhLNpqehOYuBVr2f2LodMbO1j8J97WBTjfiyosUhVh36WDmSCPu4LjAJuzOLPF6LXp4fBK0BA04rJQA6nyFC0g==",
      "requires": {
        "@aws-sdk/middleware-stack": "3.34.0",
        "@aws-sdk/types": "3.34.0",
        "tslib": "^2.3.0"
      }
    },
    "@aws-sdk/types": {
      "version": "3.34.0",
      "resolved": "https://registry.npmjs.org/@aws-sdk/types/-/types-3.34.0.tgz",
      "integrity": "sha512-rx9mJp+yKEgb6HVyMtytG+45xwiX3eaHy1VrPC0RV/Uxym1iGyFmpHYo+0/UgL1BTRrJXLA9gTfj15H5kyZ6/Q=="
    },
    "@aws-sdk/url-parser": {
      "version": "3.34.0",
      "resolved": "https://registry.npmjs.org/@aws-sdk/url-parser/-/url-parser-3.34.0.tgz",
      "integrity": "sha512-RqF5vQ3+kTRhNmsT7V9KqPnfrDsHZg8XjgEFdr29iKXEupOockQlJBVGTesy73y9nvnMueNKNZkk4VLeHEW6cg==",
      "requires": {
        "@aws-sdk/querystring-parser": "3.34.0",
        "@aws-sdk/types": "3.34.0",
        "tslib": "^2.3.0"
      }
    },
    "@aws-sdk/util-base64-browser": {
      "version": "3.34.0",
      "resolved": "https://registry.npmjs.org/@aws-sdk/util-base64-browser/-/util-base64-browser-3.34.0.tgz",
      "integrity": "sha512-3ScDOSlrX4EnwWzYnDfKa3GjiLYnHfk2YEV5G+f/NOEKhsuTsj++PGvdLqbXc4m03rLiDBoMgN204tz78rSgsA==",
      "requires": {
        "tslib": "^2.3.0"
      }
    },
    "@aws-sdk/util-base64-node": {
      "version": "3.34.0",
      "resolved": "https://registry.npmjs.org/@aws-sdk/util-base64-node/-/util-base64-node-3.34.0.tgz",
      "integrity": "sha512-r7tPqydtuzjMH9BBPw34l8zlN84O8EuJPl2mx1JXFrDE+ADUx1VBU+KK1pnIFoFVb7/FWMVPeaKz1u0EjsSKRQ==",
      "requires": {
        "@aws-sdk/util-buffer-from": "3.34.0",
        "tslib": "^2.3.0"
      }
    },
    "@aws-sdk/util-body-length-browser": {
      "version": "3.34.0",
      "resolved": "https://registry.npmjs.org/@aws-sdk/util-body-length-browser/-/util-body-length-browser-3.34.0.tgz",
      "integrity": "sha512-Av7x9dKoygju9QBuTIGa7JITxGlIj7NhN22CxX3FThIIJofp5qbnTTiLURivM6jw6Wvf2sZ4mpP34xEeDvXG/A==",
      "requires": {
        "tslib": "^2.3.0"
      }
    },
    "@aws-sdk/util-body-length-node": {
      "version": "3.34.0",
      "resolved": "https://registry.npmjs.org/@aws-sdk/util-body-length-node/-/util-body-length-node-3.34.0.tgz",
      "integrity": "sha512-slrlSnPNQd/6pvTpvK0Z8z7hbrND0dEA+0/4Y3l47hBftznxhiKbLKiCg5a3iBjTxUB0qSQ03YNY/fK3DtPJTA==",
      "requires": {
        "tslib": "^2.3.0"
      }
    },
    "@aws-sdk/util-buffer-from": {
      "version": "3.34.0",
      "resolved": "https://registry.npmjs.org/@aws-sdk/util-buffer-from/-/util-buffer-from-3.34.0.tgz",
      "integrity": "sha512-G1XXPD3IfHYXEGwknC2ogn2CylxrYcdwwWbS1vGji9zP6YX8C/gf+moLtJz3bDlMwSHTLdzdH/RWBIL75djGKg==",
      "requires": {
        "@aws-sdk/is-array-buffer": "3.34.0",
        "tslib": "^2.3.0"
      }
    },
    "@aws-sdk/util-credentials": {
      "version": "3.34.0",
      "resolved": "https://registry.npmjs.org/@aws-sdk/util-credentials/-/util-credentials-3.34.0.tgz",
      "integrity": "sha512-Spb7MtRMmAeHekaju85m5WOO8/C277+6pWvBQlh3vADwmxsBdyvDCIZtXLhlqW/zeUUKvr7atkuhW5h2Ck+gfw==",
      "requires": {
        "@aws-sdk/shared-ini-file-loader": "3.34.0",
        "tslib": "^2.3.0"
      }
    },
    "@aws-sdk/util-hex-encoding": {
      "version": "3.34.0",
      "resolved": "https://registry.npmjs.org/@aws-sdk/util-hex-encoding/-/util-hex-encoding-3.34.0.tgz",
      "integrity": "sha512-eM1jKmD1SOCluLMqOxmbJRqPbuSyDGp1HELEAYt1zG2xy1pAugiJK7zyCcNZ8Wt/1RQQA1QnPnSTtQFK1GVzbA==",
      "requires": {
        "tslib": "^2.3.0"
      }
    },
    "@aws-sdk/util-locate-window": {
      "version": "3.34.0",
      "resolved": "https://registry.npmjs.org/@aws-sdk/util-locate-window/-/util-locate-window-3.34.0.tgz",
      "integrity": "sha512-/xZs6dJ+00H/vNi4+tRoj32XfkhDCYWiASI/wVMzpZG/F15SOipe9MWxUWrH7FAm+BSp5cHcdnLtzFoJmI5cCQ==",
      "requires": {
        "tslib": "^2.3.0"
      }
    },
    "@aws-sdk/util-uri-escape": {
      "version": "3.34.0",
      "resolved": "https://registry.npmjs.org/@aws-sdk/util-uri-escape/-/util-uri-escape-3.34.0.tgz",
      "integrity": "sha512-UxB5LfwB4BWdQyLJkkHz/U/gigQBkkfVhQHJx0Sg/yMH/PnTuUqdj+MWhezca/9VQShx24uBewXWV4ToybYULA==",
      "requires": {
        "tslib": "^2.3.0"
      }
    },
    "@aws-sdk/util-user-agent-browser": {
      "version": "3.34.0",
      "resolved": "https://registry.npmjs.org/@aws-sdk/util-user-agent-browser/-/util-user-agent-browser-3.34.0.tgz",
      "integrity": "sha512-7bSk/d0LPzGnYLkKI0Z91dsoPudoayRywrYjdEbTbD85d+2VDKuxszhACVV4hbcQSc7x0zCumRJE7rx3c2weIQ==",
      "requires": {
        "@aws-sdk/types": "3.34.0",
        "bowser": "^2.11.0",
        "tslib": "^2.3.0"
      }
    },
    "@aws-sdk/util-user-agent-node": {
      "version": "3.34.0",
      "resolved": "https://registry.npmjs.org/@aws-sdk/util-user-agent-node/-/util-user-agent-node-3.34.0.tgz",
      "integrity": "sha512-EupJGySosLRk9NWYajE4x6gEEW+ZiW4cdNlDUkDWng+qruxNJDxLIO2xRrPBFiA+s/DMy6HRXWROBWpGnqLB5w==",
      "requires": {
        "@aws-sdk/node-config-provider": "3.34.0",
        "@aws-sdk/types": "3.34.0",
        "tslib": "^2.3.0"
      }
    },
    "@aws-sdk/util-utf8-browser": {
      "version": "3.34.0",
      "resolved": "https://registry.npmjs.org/@aws-sdk/util-utf8-browser/-/util-utf8-browser-3.34.0.tgz",
      "integrity": "sha512-auB09BoFk5mPA444WmBpF5dZN+59ojrmpAcJf4zc0S/UfsWzAQDj7Lsj2aSu9O0xWoDmtzUWxfiwQqNIEqcNIA==",
      "requires": {
        "tslib": "^2.3.0"
      }
    },
    "@aws-sdk/util-utf8-node": {
      "version": "3.34.0",
      "resolved": "https://registry.npmjs.org/@aws-sdk/util-utf8-node/-/util-utf8-node-3.34.0.tgz",
      "integrity": "sha512-Okarq9OUG99UOcen3dYUQCw62Fm9DQk3zyt/7MMgbt9G6Sz6kQ6s1vtC4Ip+HxhALBQPFj8THcf2ijh55L6unQ==",
      "requires": {
        "@aws-sdk/util-buffer-from": "3.34.0",
        "tslib": "^2.3.0"
      }
    },
    "@aws-sdk/util-waiter": {
      "version": "3.34.0",
      "resolved": "https://registry.npmjs.org/@aws-sdk/util-waiter/-/util-waiter-3.34.0.tgz",
      "integrity": "sha512-UlrNCXnYJwB0ERX8CVDHD6jDqTU89CRMZsKxYJlfSnmQ5utQs4b2bxVhqDSE7aHFGW23SXEqQr5XlcSAixbYMA==",
      "requires": {
        "@aws-sdk/abort-controller": "3.34.0",
        "@aws-sdk/types": "3.34.0",
        "tslib": "^2.3.0"
      }
    },
    "bowser": {
      "version": "2.11.0",
      "resolved": "https://registry.npmjs.org/bowser/-/bowser-2.11.0.tgz",
      "integrity": "sha512-AlcaJBi/pqqJBIQ8U9Mcpc9i8Aqxn88Skv5d+xBX006BY5u8N3mGLHa5Lgppa7L/HfwgwLgZ6NYs+Ag6uUmJRA=="
    },
    "entities": {
      "version": "2.2.0",
      "resolved": "https://registry.npmjs.org/entities/-/entities-2.2.0.tgz",
      "integrity": "sha512-p92if5Nz619I0w+akJrLZH0MX0Pb5DX39XOwQTtXSdQQOaYH03S1uIQp4mhOZtAXrxq4ViO67YTiLBo2638o9A=="
    },
    "fast-xml-parser": {
      "version": "3.19.0",
      "resolved": "https://registry.npmjs.org/fast-xml-parser/-/fast-xml-parser-3.19.0.tgz",
      "integrity": "sha512-4pXwmBplsCPv8FOY1WRakF970TjNGnGnfbOnLqjlYvMiF1SR3yOHyxMR/YCXpPTOspNF5gwudqktIP4VsWkvBg=="
    },
    "tslib": {
      "version": "2.3.1",
      "resolved": "https://registry.npmjs.org/tslib/-/tslib-2.3.1.tgz",
      "integrity": "sha512-77EbyPPpMz+FRFRuAFlWMtmgUWGe9UOG2Z25NqCwiIjRhOf5iKGuzSe5P2w1laq+FkRy4p+PCuVkJSGkzTEKVw=="
    },
    "uuid": {
      "version": "8.3.2",
      "resolved": "https://registry.npmjs.org/uuid/-/uuid-8.3.2.tgz",
      "integrity": "sha512-+NYs2QeMWy+GWFOEm9xnn6HCDp0l7QBD7ml8zLUmJ+93Q5NF0NocErnwkTkXVFNiX3/fpC6afS8Dhb/gz7R7eg=="
    }
  }
}
